// !$*UTF8*$!
{
	archiveVersion = 1;
	classes = {
	};
	objectVersion = 55;
	objects = {

/* Begin PBXBuildFile section */
		30917A93729CB53957439015 /* Pods_Soyou.framework in Frameworks */ = {isa = PBXBuildFile; fileRef = 03BB7623A3B89143330752C8 /* Pods_Soyou.framework */; };
		58890C3B2821698B00074086 /* WeatherModel.swift in Sources */ = {isa = PBXBuildFile; fileRef = 58890C3A2821698B00074086 /* WeatherModel.swift */; };
		58890C3D2821792D00074086 /* QuotesDataManager.swift in Sources */ = {isa = PBXBuildFile; fileRef = 58890C3C2821792D00074086 /* QuotesDataManager.swift */; };
		58890C3F2821796700074086 /* QuotesProtocol.swift in Sources */ = {isa = PBXBuildFile; fileRef = 58890C3E2821796700074086 /* QuotesProtocol.swift */; };
		58890C4128217AE600074086 /* QuotesResponse.swift in Sources */ = {isa = PBXBuildFile; fileRef = 58890C4028217AE600074086 /* QuotesResponse.swift */; };
		5898B7D3281AB6D9004ABD54 /* EmotionVC.swift in Sources */ = {isa = PBXBuildFile; fileRef = 5898B7D2281AB6D9004ABD54 /* EmotionVC.swift */; };
		5898B7D5281AB704004ABD54 /* QuotesVC.swift in Sources */ = {isa = PBXBuildFile; fileRef = 5898B7D4281AB704004ABD54 /* QuotesVC.swift */; };
		58C4CE9E282024840068DDE1 /* WeatherDataManager.swift in Sources */ = {isa = PBXBuildFile; fileRef = 58C4CE9D282024840068DDE1 /* WeatherDataManager.swift */; };
		58C4CEA2282024C40068DDE1 /* WeatherProtocol.swift in Sources */ = {isa = PBXBuildFile; fileRef = 58C4CEA1282024C40068DDE1 /* WeatherProtocol.swift */; };
		58C4CEA62820262F0068DDE1 /* WeatherDataResponse.swift in Sources */ = {isa = PBXBuildFile; fileRef = 58C4CEA52820262F0068DDE1 /* WeatherDataResponse.swift */; };
		58D013352817E6C700191ECE /* AppDelegate.swift in Sources */ = {isa = PBXBuildFile; fileRef = 58D013342817E6C700191ECE /* AppDelegate.swift */; };
		58D013372817E6C700191ECE /* SceneDelegate.swift in Sources */ = {isa = PBXBuildFile; fileRef = 58D013362817E6C700191ECE /* SceneDelegate.swift */; };
		58D013392817E6C700191ECE /* WeatherVC.swift in Sources */ = {isa = PBXBuildFile; fileRef = 58D013382817E6C700191ECE /* WeatherVC.swift */; };
		58D0133C2817E6C700191ECE /* Main.storyboard in Resources */ = {isa = PBXBuildFile; fileRef = 58D0133A2817E6C700191ECE /* Main.storyboard */; };
		58D0133E2817E6C800191ECE /* Assets.xcassets in Resources */ = {isa = PBXBuildFile; fileRef = 58D0133D2817E6C800191ECE /* Assets.xcassets */; };
		58D013412817E6C800191ECE /* LaunchScreen.storyboard in Resources */ = {isa = PBXBuildFile; fileRef = 58D0133F2817E6C800191ECE /* LaunchScreen.storyboard */; };
/* End PBXBuildFile section */

/* Begin PBXFileReference section */
		03BB7623A3B89143330752C8 /* Pods_Soyou.framework */ = {isa = PBXFileReference; explicitFileType = wrapper.framework; includeInIndex = 0; path = Pods_Soyou.framework; sourceTree = BUILT_PRODUCTS_DIR; };
		2A464DE9F2A78C71D5E74970 /* Pods-Soyou.release.xcconfig */ = {isa = PBXFileReference; includeInIndex = 1; lastKnownFileType = text.xcconfig; name = "Pods-Soyou.release.xcconfig"; path = "Target Support Files/Pods-Soyou/Pods-Soyou.release.xcconfig"; sourceTree = "<group>"; };
		58890C3A2821698B00074086 /* WeatherModel.swift */ = {isa = PBXFileReference; lastKnownFileType = sourcecode.swift; path = WeatherModel.swift; sourceTree = "<group>"; };
		58890C3C2821792D00074086 /* QuotesDataManager.swift */ = {isa = PBXFileReference; lastKnownFileType = sourcecode.swift; path = QuotesDataManager.swift; sourceTree = "<group>"; };
		58890C3E2821796700074086 /* QuotesProtocol.swift */ = {isa = PBXFileReference; lastKnownFileType = sourcecode.swift; path = QuotesProtocol.swift; sourceTree = "<group>"; };
		58890C4028217AE600074086 /* QuotesResponse.swift */ = {isa = PBXFileReference; lastKnownFileType = sourcecode.swift; path = QuotesResponse.swift; sourceTree = "<group>"; };
		5898B7D2281AB6D9004ABD54 /* EmotionVC.swift */ = {isa = PBXFileReference; lastKnownFileType = sourcecode.swift; path = EmotionVC.swift; sourceTree = "<group>"; };
		5898B7D4281AB704004ABD54 /* QuotesVC.swift */ = {isa = PBXFileReference; lastKnownFileType = sourcecode.swift; path = QuotesVC.swift; sourceTree = "<group>"; };
		58C4CE9D282024840068DDE1 /* WeatherDataManager.swift */ = {isa = PBXFileReference; lastKnownFileType = sourcecode.swift; path = WeatherDataManager.swift; sourceTree = "<group>"; };
		58C4CEA1282024C40068DDE1 /* WeatherProtocol.swift */ = {isa = PBXFileReference; lastKnownFileType = sourcecode.swift; path = WeatherProtocol.swift; sourceTree = "<group>"; };
		58C4CEA52820262F0068DDE1 /* WeatherDataResponse.swift */ = {isa = PBXFileReference; lastKnownFileType = sourcecode.swift; path = WeatherDataResponse.swift; sourceTree = "<group>"; };
		58D013312817E6C700191ECE /* Soyou.app */ = {isa = PBXFileReference; explicitFileType = wrapper.application; includeInIndex = 0; path = Soyou.app; sourceTree = BUILT_PRODUCTS_DIR; };
		58D013342817E6C700191ECE /* AppDelegate.swift */ = {isa = PBXFileReference; lastKnownFileType = sourcecode.swift; path = AppDelegate.swift; sourceTree = "<group>"; };
		58D013362817E6C700191ECE /* SceneDelegate.swift */ = {isa = PBXFileReference; lastKnownFileType = sourcecode.swift; path = SceneDelegate.swift; sourceTree = "<group>"; };
		58D013382817E6C700191ECE /* WeatherVC.swift */ = {isa = PBXFileReference; lastKnownFileType = sourcecode.swift; path = WeatherVC.swift; sourceTree = "<group>"; };
		58D0133B2817E6C700191ECE /* Base */ = {isa = PBXFileReference; lastKnownFileType = file.storyboard; name = Base; path = Base.lproj/Main.storyboard; sourceTree = "<group>"; };
		58D0133D2817E6C800191ECE /* Assets.xcassets */ = {isa = PBXFileReference; lastKnownFileType = folder.assetcatalog; path = Assets.xcassets; sourceTree = "<group>"; };
		58D013402817E6C800191ECE /* Base */ = {isa = PBXFileReference; lastKnownFileType = file.storyboard; name = Base; path = Base.lproj/LaunchScreen.storyboard; sourceTree = "<group>"; };
		58D013422817E6C800191ECE /* Info.plist */ = {isa = PBXFileReference; lastKnownFileType = text.plist.xml; path = Info.plist; sourceTree = "<group>"; };
		BF5D71D5A57FA8F597311668 /* Pods-Soyou.debug.xcconfig */ = {isa = PBXFileReference; includeInIndex = 1; lastKnownFileType = text.xcconfig; name = "Pods-Soyou.debug.xcconfig"; path = "Target Support Files/Pods-Soyou/Pods-Soyou.debug.xcconfig"; sourceTree = "<group>"; };
/* End PBXFileReference section */

/* Begin PBXFrameworksBuildPhase section */
		58D0132E2817E6C700191ECE /* Frameworks */ = {
			isa = PBXFrameworksBuildPhase;
			buildActionMask = 2147483647;
			files = (
				30917A93729CB53957439015 /* Pods_Soyou.framework in Frameworks */,
			);
			runOnlyForDeploymentPostprocessing = 0;
		};
/* End PBXFrameworksBuildPhase section */

/* Begin PBXGroup section */
		32E48149DF2C3D378D99B0CA /* Pods */ = {
			isa = PBXGroup;
			children = (
				BF5D71D5A57FA8F597311668 /* Pods-Soyou.debug.xcconfig */,
				2A464DE9F2A78C71D5E74970 /* Pods-Soyou.release.xcconfig */,
			);
			path = Pods;
			sourceTree = "<group>";
		};
		58890C4228217AEC00074086 /* Entity */ = {
			isa = PBXGroup;
			children = (
				58890C4028217AE600074086 /* QuotesResponse.swift */,
			);
			path = Entity;
			sourceTree = "<group>";
		};
		58890C4328217AF200074086 /* Protocol */ = {
			isa = PBXGroup;
			children = (
				58890C3E2821796700074086 /* QuotesProtocol.swift */,
			);
			path = Protocol;
			sourceTree = "<group>";
		};
		58890C4428217AFA00074086 /* DataManager */ = {
			isa = PBXGroup;
			children = (
				58890C3C2821792D00074086 /* QuotesDataManager.swift */,
			);
			path = DataManager;
			sourceTree = "<group>";
		};
		58C4CE9F2820248A0068DDE1 /* Weather */ = {
			isa = PBXGroup;
			children = (
				58C4CEA82820263C0068DDE1 /* Protocol */,
				58C4CEA7282026330068DDE1 /* Entity */,
				58C4CEA0282024970068DDE1 /* DataManager */,
				58D013382817E6C700191ECE /* WeatherVC.swift */,
			);
			path = Weather;
			sourceTree = "<group>";
		};
		58C4CEA0282024970068DDE1 /* DataManager */ = {
			isa = PBXGroup;
			children = (
				58C4CE9D282024840068DDE1 /* WeatherDataManager.swift */,
			);
			path = DataManager;
			sourceTree = "<group>";
		};
		58C4CEA7282026330068DDE1 /* Entity */ = {
			isa = PBXGroup;
			children = (
				58C4CEA52820262F0068DDE1 /* WeatherDataResponse.swift */,
			);
			path = Entity;
			sourceTree = "<group>";
		};
		58C4CEA82820263C0068DDE1 /* Protocol */ = {
			isa = PBXGroup;
			children = (
				58C4CEA1282024C40068DDE1 /* WeatherProtocol.swift */,
				58890C3A2821698B00074086 /* WeatherModel.swift */,
			);
			path = Protocol;
			sourceTree = "<group>";
		};
		58C4CEA9282026530068DDE1 /* Emotion */ = {
			isa = PBXGroup;
			children = (
				5898B7D2281AB6D9004ABD54 /* EmotionVC.swift */,
			);
			path = Emotion;
			sourceTree = "<group>";
		};
		58C4CEAA282026590068DDE1 /* Quotes */ = {
			isa = PBXGroup;
			children = (
				58890C4328217AF200074086 /* Protocol */,
				58890C4228217AEC00074086 /* Entity */,
				58890C4428217AFA00074086 /* DataManager */,
			);
			path = Quotes;
			sourceTree = "<group>";
		};
		58D013282817E6C700191ECE = {
			isa = PBXGroup;
			children = (
				58D013332817E6C700191ECE /* Soyou */,
				58D013322817E6C700191ECE /* Products */,
				32E48149DF2C3D378D99B0CA /* Pods */,
				C99E51B81F6E47A91D3B7CC0 /* Frameworks */,
			);
			sourceTree = "<group>";
		};
		58D013322817E6C700191ECE /* Products */ = {
			isa = PBXGroup;
			children = (
				58D013312817E6C700191ECE /* Soyou.app */,
			);
			name = Products;
			sourceTree = "<group>";
		};
		58D013332817E6C700191ECE /* Soyou */ = {
			isa = PBXGroup;
			children = (
				58D0133A2817E6C700191ECE /* Main.storyboard */,
				58C4CE9F2820248A0068DDE1 /* Weather */,
				58C4CEA9282026530068DDE1 /* Emotion */,
				58C4CEAA282026590068DDE1 /* Quotes */,
				5898B7D4281AB704004ABD54 /* QuotesVC.swift */,
				58D0133D2817E6C800191ECE /* Assets.xcassets */,
				58D0133F2817E6C800191ECE /* LaunchScreen.storyboard */,
				58D013422817E6C800191ECE /* Info.plist */,
				58D013362817E6C700191ECE /* SceneDelegate.swift */,
				58D013342817E6C700191ECE /* AppDelegate.swift */,
			);
			path = Soyou;
			sourceTree = "<group>";
		};
		C99E51B81F6E47A91D3B7CC0 /* Frameworks */ = {
			isa = PBXGroup;
			children = (
				03BB7623A3B89143330752C8 /* Pods_Soyou.framework */,
			);
			name = Frameworks;
			sourceTree = "<group>";
		};
/* End PBXGroup section */

/* Begin PBXNativeTarget section */
		58D013302817E6C700191ECE /* Soyou */ = {
			isa = PBXNativeTarget;
			buildConfigurationList = 58D013452817E6C800191ECE /* Build configuration list for PBXNativeTarget "Soyou" */;
			buildPhases = (
				0B92050F7860EA0E4615953E /* [CP] Check Pods Manifest.lock */,
				58D0132D2817E6C700191ECE /* Sources */,
				58D0132E2817E6C700191ECE /* Frameworks */,
				58D0132F2817E6C700191ECE /* Resources */,
				EEDC431ED5D1C99EF90A0389 /* [CP] Embed Pods Frameworks */,
			);
			buildRules = (
			);
			dependencies = (
			);
			name = Soyou;
			productName = Soyou;
			productReference = 58D013312817E6C700191ECE /* Soyou.app */;
			productType = "com.apple.product-type.application";
		};
/* End PBXNativeTarget section */

/* Begin PBXProject section */
		58D013292817E6C700191ECE /* Project object */ = {
			isa = PBXProject;
			attributes = {
				BuildIndependentTargetsInParallel = 1;
				LastSwiftUpdateCheck = 1330;
				LastUpgradeCheck = 1330;
				TargetAttributes = {
					58D013302817E6C700191ECE = {
						CreatedOnToolsVersion = 13.3.1;
					};
				};
			};
			buildConfigurationList = 58D0132C2817E6C700191ECE /* Build configuration list for PBXProject "Soyou" */;
			compatibilityVersion = "Xcode 13.0";
			developmentRegion = en;
			hasScannedForEncodings = 0;
			knownRegions = (
				en,
				Base,
			);
			mainGroup = 58D013282817E6C700191ECE;
			productRefGroup = 58D013322817E6C700191ECE /* Products */;
			projectDirPath = "";
			projectRoot = "";
			targets = (
				58D013302817E6C700191ECE /* Soyou */,
			);
		};
/* End PBXProject section */

/* Begin PBXResourcesBuildPhase section */
		58D0132F2817E6C700191ECE /* Resources */ = {
			isa = PBXResourcesBuildPhase;
			buildActionMask = 2147483647;
			files = (
				58D013412817E6C800191ECE /* LaunchScreen.storyboard in Resources */,
				58D0133E2817E6C800191ECE /* Assets.xcassets in Resources */,
				58D0133C2817E6C700191ECE /* Main.storyboard in Resources */,
			);
			runOnlyForDeploymentPostprocessing = 0;
		};
/* End PBXResourcesBuildPhase section */

/* Begin PBXShellScriptBuildPhase section */
		0B92050F7860EA0E4615953E /* [CP] Check Pods Manifest.lock */ = {
			isa = PBXShellScriptBuildPhase;
			buildActionMask = 2147483647;
			files = (
			);
			inputFileListPaths = (
			);
			inputPaths = (
				"${PODS_PODFILE_DIR_PATH}/Podfile.lock",
				"${PODS_ROOT}/Manifest.lock",
			);
			name = "[CP] Check Pods Manifest.lock";
			outputFileListPaths = (
			);
			outputPaths = (
				"$(DERIVED_FILE_DIR)/Pods-Soyou-checkManifestLockResult.txt",
			);
			runOnlyForDeploymentPostprocessing = 0;
			shellPath = /bin/sh;
			shellScript = "diff \"${PODS_PODFILE_DIR_PATH}/Podfile.lock\" \"${PODS_ROOT}/Manifest.lock\" > /dev/null\nif [ $? != 0 ] ; then\n    # print error to STDERR\n    echo \"error: The sandbox is not in sync with the Podfile.lock. Run 'pod install' or update your CocoaPods installation.\" >&2\n    exit 1\nfi\n# This output is used by Xcode 'outputs' to avoid re-running this script phase.\necho \"SUCCESS\" > \"${SCRIPT_OUTPUT_FILE_0}\"\n";
			showEnvVarsInLog = 0;
		};
		EEDC431ED5D1C99EF90A0389 /* [CP] Embed Pods Frameworks */ = {
			isa = PBXShellScriptBuildPhase;
			buildActionMask = 2147483647;
			files = (
			);
			inputFileListPaths = (
				"${PODS_ROOT}/Target Support Files/Pods-Soyou/Pods-Soyou-frameworks-${CONFIGURATION}-input-files.xcfilelist",
			);
			name = "[CP] Embed Pods Frameworks";
			outputFileListPaths = (
				"${PODS_ROOT}/Target Support Files/Pods-Soyou/Pods-Soyou-frameworks-${CONFIGURATION}-output-files.xcfilelist",
			);
			runOnlyForDeploymentPostprocessing = 0;
			shellPath = /bin/sh;
			shellScript = "\"${PODS_ROOT}/Target Support Files/Pods-Soyou/Pods-Soyou-frameworks.sh\"\n";
			showEnvVarsInLog = 0;
		};
/* End PBXShellScriptBuildPhase section */

/* Begin PBXSourcesBuildPhase section */
		58D0132D2817E6C700191ECE /* Sources */ = {
			isa = PBXSourcesBuildPhase;
			buildActionMask = 2147483647;
			files = (
				58C4CE9E282024840068DDE1 /* WeatherDataManager.swift in Sources */,
				5898B7D5281AB704004ABD54 /* QuotesVC.swift in Sources */,
				58890C3D2821792D00074086 /* QuotesDataManager.swift in Sources */,
				58D013392817E6C700191ECE /* WeatherVC.swift in Sources */,
				58D013352817E6C700191ECE /* AppDelegate.swift in Sources */,
				58890C3B2821698B00074086 /* WeatherModel.swift in Sources */,
				58C4CEA2282024C40068DDE1 /* WeatherProtocol.swift in Sources */,
				58890C3F2821796700074086 /* QuotesProtocol.swift in Sources */,
				5898B7D3281AB6D9004ABD54 /* EmotionVC.swift in Sources */,
				58D013372817E6C700191ECE /* SceneDelegate.swift in Sources */,
				58C4CEA62820262F0068DDE1 /* WeatherDataResponse.swift in Sources */,
				58890C4128217AE600074086 /* QuotesResponse.swift in Sources */,
			);
			runOnlyForDeploymentPostprocessing = 0;
		};
/* End PBXSourcesBuildPhase section */

/* Begin PBXVariantGroup section */
		58D0133A2817E6C700191ECE /* Main.storyboard */ = {
			isa = PBXVariantGroup;
			children = (
				58D0133B2817E6C700191ECE /* Base */,
			);
			name = Main.storyboard;
			sourceTree = "<group>";
		};
		58D0133F2817E6C800191ECE /* LaunchScreen.storyboard */ = {
			isa = PBXVariantGroup;
			children = (
				58D013402817E6C800191ECE /* Base */,
			);
			name = LaunchScreen.storyboard;
			sourceTree = "<group>";
		};
/* End PBXVariantGroup section */

/* Begin XCBuildConfiguration section */
		58D013432817E6C800191ECE /* Debug */ = {
			isa = XCBuildConfiguration;
			buildSettings = {
				ALWAYS_SEARCH_USER_PATHS = NO;
				CLANG_ANALYZER_NONNULL = YES;
				CLANG_ANALYZER_NUMBER_OBJECT_CONVERSION = YES_AGGRESSIVE;
				CLANG_CXX_LANGUAGE_STANDARD = "gnu++17";
				CLANG_ENABLE_MODULES = YES;
				CLANG_ENABLE_OBJC_ARC = YES;
				CLANG_ENABLE_OBJC_WEAK = YES;
				CLANG_WARN_BLOCK_CAPTURE_AUTORELEASING = YES;
				CLANG_WARN_BOOL_CONVERSION = YES;
				CLANG_WARN_COMMA = YES;
				CLANG_WARN_CONSTANT_CONVERSION = YES;
				CLANG_WARN_DEPRECATED_OBJC_IMPLEMENTATIONS = YES;
				CLANG_WARN_DIRECT_OBJC_ISA_USAGE = YES_ERROR;
				CLANG_WARN_DOCUMENTATION_COMMENTS = YES;
				CLANG_WARN_EMPTY_BODY = YES;
				CLANG_WARN_ENUM_CONVERSION = YES;
				CLANG_WARN_INFINITE_RECURSION = YES;
				CLANG_WARN_INT_CONVERSION = YES;
				CLANG_WARN_NON_LITERAL_NULL_CONVERSION = YES;
				CLANG_WARN_OBJC_IMPLICIT_RETAIN_SELF = YES;
				CLANG_WARN_OBJC_LITERAL_CONVERSION = YES;
				CLANG_WARN_OBJC_ROOT_CLASS = YES_ERROR;
				CLANG_WARN_QUOTED_INCLUDE_IN_FRAMEWORK_HEADER = YES;
				CLANG_WARN_RANGE_LOOP_ANALYSIS = YES;
				CLANG_WARN_STRICT_PROTOTYPES = YES;
				CLANG_WARN_SUSPICIOUS_MOVE = YES;
				CLANG_WARN_UNGUARDED_AVAILABILITY = YES_AGGRESSIVE;
				CLANG_WARN_UNREACHABLE_CODE = YES;
				CLANG_WARN__DUPLICATE_METHOD_MATCH = YES;
				COPY_PHASE_STRIP = NO;
				DEBUG_INFORMATION_FORMAT = dwarf;
				ENABLE_STRICT_OBJC_MSGSEND = YES;
				ENABLE_TESTABILITY = YES;
				GCC_C_LANGUAGE_STANDARD = gnu11;
				GCC_DYNAMIC_NO_PIC = NO;
				GCC_NO_COMMON_BLOCKS = YES;
				GCC_OPTIMIZATION_LEVEL = 0;
				GCC_PREPROCESSOR_DEFINITIONS = (
					"DEBUG=1",
					"$(inherited)",
				);
				GCC_WARN_64_TO_32_BIT_CONVERSION = YES;
				GCC_WARN_ABOUT_RETURN_TYPE = YES_ERROR;
				GCC_WARN_UNDECLARED_SELECTOR = YES;
				GCC_WARN_UNINITIALIZED_AUTOS = YES_AGGRESSIVE;
				GCC_WARN_UNUSED_FUNCTION = YES;
				GCC_WARN_UNUSED_VARIABLE = YES;
				IPHONEOS_DEPLOYMENT_TARGET = 15.0;
				MTL_ENABLE_DEBUG_INFO = INCLUDE_SOURCE;
				MTL_FAST_MATH = YES;
				ONLY_ACTIVE_ARCH = YES;
				SDKROOT = iphoneos;
				SWIFT_ACTIVE_COMPILATION_CONDITIONS = DEBUG;
				SWIFT_OPTIMIZATION_LEVEL = "-Onone";
			};
			name = Debug;
		};
		58D013442817E6C800191ECE /* Release */ = {
			isa = XCBuildConfiguration;
			buildSettings = {
				ALWAYS_SEARCH_USER_PATHS = NO;
				CLANG_ANALYZER_NONNULL = YES;
				CLANG_ANALYZER_NUMBER_OBJECT_CONVERSION = YES_AGGRESSIVE;
				CLANG_CXX_LANGUAGE_STANDARD = "gnu++17";
				CLANG_ENABLE_MODULES = YES;
				CLANG_ENABLE_OBJC_ARC = YES;
				CLANG_ENABLE_OBJC_WEAK = YES;
				CLANG_WARN_BLOCK_CAPTURE_AUTORELEASING = YES;
				CLANG_WARN_BOOL_CONVERSION = YES;
				CLANG_WARN_COMMA = YES;
				CLANG_WARN_CONSTANT_CONVERSION = YES;
				CLANG_WARN_DEPRECATED_OBJC_IMPLEMENTATIONS = YES;
				CLANG_WARN_DIRECT_OBJC_ISA_USAGE = YES_ERROR;
				CLANG_WARN_DOCUMENTATION_COMMENTS = YES;
				CLANG_WARN_EMPTY_BODY = YES;
				CLANG_WARN_ENUM_CONVERSION = YES;
				CLANG_WARN_INFINITE_RECURSION = YES;
				CLANG_WARN_INT_CONVERSION = YES;
				CLANG_WARN_NON_LITERAL_NULL_CONVERSION = YES;
				CLANG_WARN_OBJC_IMPLICIT_RETAIN_SELF = YES;
				CLANG_WARN_OBJC_LITERAL_CONVERSION = YES;
				CLANG_WARN_OBJC_ROOT_CLASS = YES_ERROR;
				CLANG_WARN_QUOTED_INCLUDE_IN_FRAMEWORK_HEADER = YES;
				CLANG_WARN_RANGE_LOOP_ANALYSIS = YES;
				CLANG_WARN_STRICT_PROTOTYPES = YES;
				CLANG_WARN_SUSPICIOUS_MOVE = YES;
				CLANG_WARN_UNGUARDED_AVAILABILITY = YES_AGGRESSIVE;
				CLANG_WARN_UNREACHABLE_CODE = YES;
				CLANG_WARN__DUPLICATE_METHOD_MATCH = YES;
				COPY_PHASE_STRIP = NO;
				DEBUG_INFORMATION_FORMAT = "dwarf-with-dsym";
				ENABLE_NS_ASSERTIONS = NO;
				ENABLE_STRICT_OBJC_MSGSEND = YES;
				GCC_C_LANGUAGE_STANDARD = gnu11;
				GCC_NO_COMMON_BLOCKS = YES;
				GCC_WARN_64_TO_32_BIT_CONVERSION = YES;
				GCC_WARN_ABOUT_RETURN_TYPE = YES_ERROR;
				GCC_WARN_UNDECLARED_SELECTOR = YES;
				GCC_WARN_UNINITIALIZED_AUTOS = YES_AGGRESSIVE;
				GCC_WARN_UNUSED_FUNCTION = YES;
				GCC_WARN_UNUSED_VARIABLE = YES;
				IPHONEOS_DEPLOYMENT_TARGET = 15.0;
				MTL_ENABLE_DEBUG_INFO = NO;
				MTL_FAST_MATH = YES;
				SDKROOT = iphoneos;
				SWIFT_COMPILATION_MODE = wholemodule;
				SWIFT_OPTIMIZATION_LEVEL = "-O";
				VALIDATE_PRODUCT = YES;
			};
			name = Release;
		};
		58D013462817E6C800191ECE /* Debug */ = {
			isa = XCBuildConfiguration;
			baseConfigurationReference = BF5D71D5A57FA8F597311668 /* Pods-Soyou.debug.xcconfig */;
			buildSettings = {
				ASSETCATALOG_COMPILER_APPICON_NAME = AppIcon;
				ASSETCATALOG_COMPILER_GLOBAL_ACCENT_COLOR_NAME = AccentColor;
				CODE_SIGN_STYLE = Automatic;
				CURRENT_PROJECT_VERSION = 1;
				DEVELOPMENT_TEAM = B84Q5QFST2;
				GENERATE_INFOPLIST_FILE = YES;
				INFOPLIST_FILE = Soyou/Info.plist;
				INFOPLIST_KEY_UIApplicationSupportsIndirectInputEvents = YES;
				INFOPLIST_KEY_UILaunchStoryboardName = LaunchScreen;
				INFOPLIST_KEY_UIMainStoryboardFile = Main;
				INFOPLIST_KEY_UISupportedInterfaceOrientations_iPad = "UIInterfaceOrientationPortrait UIInterfaceOrientationPortraitUpsideDown UIInterfaceOrientationLandscapeLeft UIInterfaceOrientationLandscapeRight";
				INFOPLIST_KEY_UISupportedInterfaceOrientations_iPhone = "UIInterfaceOrientationPortrait UIInterfaceOrientationLandscapeLeft UIInterfaceOrientationLandscapeRight";
				LD_RUNPATH_SEARCH_PATHS = (
					"$(inherited)",
					"@executable_path/Frameworks",
				);
				MARKETING_VERSION = 1.0;
				PRODUCT_BUNDLE_IDENTIFIER = Minjong.Soyou;
				PRODUCT_NAME = "$(TARGET_NAME)";
				SWIFT_EMIT_LOC_STRINGS = YES;
				SWIFT_VERSION = 5.0;
				TARGETED_DEVICE_FAMILY = "1,2";
			};
			name = Debug;
		};
		58D013472817E6C800191ECE /* Release */ = {
			isa = XCBuildConfiguration;
			baseConfigurationReference = 2A464DE9F2A78C71D5E74970 /* Pods-Soyou.release.xcconfig */;
			buildSettings = {
				ASSETCATALOG_COMPILER_APPICON_NAME = AppIcon;
				ASSETCATALOG_COMPILER_GLOBAL_ACCENT_COLOR_NAME = AccentColor;
				CODE_SIGN_STYLE = Automatic;
				CURRENT_PROJECT_VERSION = 1;
				DEVELOPMENT_TEAM = B84Q5QFST2;
				GENERATE_INFOPLIST_FILE = YES;
				INFOPLIST_FILE = Soyou/Info.plist;
				INFOPLIST_KEY_UIApplicationSupportsIndirectInputEvents = YES;
				INFOPLIST_KEY_UILaunchStoryboardName = LaunchScreen;
				INFOPLIST_KEY_UIMainStoryboardFile = Main;
				INFOPLIST_KEY_UISupportedInterfaceOrientations_iPad = "UIInterfaceOrientationPortrait UIInterfaceOrientationPortraitUpsideDown UIInterfaceOrientationLandscapeLeft UIInterfaceOrientationLandscapeRight";
				INFOPLIST_KEY_UISupportedInterfaceOrientations_iPhone = "UIInterfaceOrientationPortrait UIInterfaceOrientationLandscapeLeft UIInterfaceOrientationLandscapeRight";
				LD_RUNPATH_SEARCH_PATHS = (
					"$(inherited)",
					"@executable_path/Frameworks",
				);
				MARKETING_VERSION = 1.0;
				PRODUCT_BUNDLE_IDENTIFIER = Minjong.Soyou;
				PRODUCT_NAME = "$(TARGET_NAME)";
				SWIFT_EMIT_LOC_STRINGS = YES;
				SWIFT_VERSION = 5.0;
				TARGETED_DEVICE_FAMILY = "1,2";
			};
			name = Release;
		};
/* End XCBuildConfiguration section */

/* Begin XCConfigurationList section */
		58D0132C2817E6C700191ECE /* Build configuration list for PBXProject "Soyou" */ = {
			isa = XCConfigurationList;
			buildConfigurations = (
				58D013432817E6C800191ECE /* Debug */,
				58D013442817E6C800191ECE /* Release */,
			);
			defaultConfigurationIsVisible = 0;
			defaultConfigurationName = Release;
		};
		58D013452817E6C800191ECE /* Build configuration list for PBXNativeTarget "Soyou" */ = {
			isa = XCConfigurationList;
			buildConfigurations = (
				58D013462817E6C800191ECE /* Debug */,
				58D013472817E6C800191ECE /* Release */,
			);
			defaultConfigurationIsVisible = 0;
			defaultConfigurationName = Release;
		};
/* End XCConfigurationList section */
	};
	rootObject = 58D013292817E6C700191ECE /* Project object */;
}
